
Microsoft Visual Studio Solution File, Format Version 12.00
Project("{2150E333-8FDC-42A3-9474-1A3956D46DE8}") = ".referenced", ".referenced", "{D31480C0-C771-4832-B82F-E3B4EFC84E6C}"
EndProject
Project("{FAE04EC0-301F-11D3-BF4B-00C04F79EFBC}") = "Giantnodes.Infrastructure", "..\Infrastructure\src\Infrastructure\Giantnodes.Infrastructure.csproj", "{5A75D2A0-B3FF-4225-977F-2EA92F5D08A1}"
EndProject
Project("{FAE04EC0-301F-11D3-BF4B-00C04F79EFBC}") = "Giantnodes.Infrastructure.EntityFrameworkCore", "..\Infrastructure\src\EntityFrameworkCore\Giantnodes.Infrastructure.EntityFrameworkCore.csproj", "{9734EB1A-4571-4F2F-96BA-D8119120E72C}"
EndProject
Project("{FAE04EC0-301F-11D3-BF4B-00C04F79EFBC}") = "Giantnodes.Infrastructure.GraphQL", "..\Infrastructure\src\GraphQL\Giantnodes.Infrastructure.GraphQL.csproj", "{82D30D2C-3AB9-415C-9D3D-E74A7BBABCF2}"
EndProject
Project("{FAE04EC0-301F-11D3-BF4B-00C04F79EFBC}") = "Giantnodes.Infrastructure.MassTransit", "..\Infrastructure\src\MassTransit\Giantnodes.Infrastructure.MassTransit.csproj", "{572D76F3-7BBA-44C9-99A5-CDDD995DC2EB}"
EndProject
Project("{2150E333-8FDC-42A3-9474-1A3956D46DE8}") = ".services", ".services", "{8B9BA4E8-9DAF-47C9-9829-DAF932876C3B}"
EndProject
Project("{FAE04EC0-301F-11D3-BF4B-00C04F79EFBC}") = "Giantnodes.Service.Dashboard.HttpApi", "src\HttpApi\Giantnodes.Service.Dashboard.HttpApi.csproj", "{41C6A8F1-A1D9-451B-9162-D8A5404A3C39}"
EndProject
Project("{2150E333-8FDC-42A3-9474-1A3956D46DE8}") = "src", "src", "{D6738E45-B322-4CF5-8AAA-10B3003D7EEA}"
EndProject
Project("{FAE04EC0-301F-11D3-BF4B-00C04F79EFBC}") = "Giantnodes.Service.Dashboard.Application.Components", "src\Application.Components\Giantnodes.Service.Dashboard.Application.Components.csproj", "{027CE64C-015E-442E-A233-696A4B89D2AE}"
EndProject
Project("{FAE04EC0-301F-11D3-BF4B-00C04F79EFBC}") = "Giantnodes.Service.Dashboard.Application.Contracts", "src\Application.Contracts\Giantnodes.Service.Dashboard.Application.Contracts.csproj", "{3337779A-A582-4B1C-A19E-0AD6C8F3E6AD}"
EndProject
Project("{FAE04EC0-301F-11D3-BF4B-00C04F79EFBC}") = "Giantnodes.Service.Dashboard.Domain", "src\Domain\Giantnodes.Service.Dashboard.Domain.csproj", "{B703C820-B6BF-4297-875E-07BE59FD4000}"
EndProject
Project("{FAE04EC0-301F-11D3-BF4B-00C04F79EFBC}") = "Giantnodes.Service.Dashboard.Domain.Shared", "src\Domain.Shared\Giantnodes.Service.Dashboard.Domain.Shared.csproj", "{FD25D825-DF1E-4C5F-AA33-D0A13739B4E0}"
EndProject
Project("{FAE04EC0-301F-11D3-BF4B-00C04F79EFBC}") = "Giantnodes.Service.Dashboard.Infrastructure", "src\Giantnodes.Service.Dashboard.Infrastructure\Giantnodes.Service.Dashboard.Infrastructure.csproj", "{B2239264-4E0C-4428-8BC1-D9D9C56EE389}"
EndProject
Project("{FAE04EC0-301F-11D3-BF4B-00C04F79EFBC}") = "Giantnodes.Service.Dashboard.Persistence", "src\Persistence\Giantnodes.Service.Dashboard.Persistence.csproj", "{55626EB5-C72A-4D36-9BE0-4397BF170445}"
EndProject
Project("{2150E333-8FDC-42A3-9474-1A3956D46DE8}") = "tests", "tests", "{27214AD8-98E7-4A7D-B67B-575AC944C369}"
EndProject
Project("{FAE04EC0-301F-11D3-BF4B-00C04F79EFBC}") = "Giantnodes.Service.Dashboard.Application.Components.Tests", "tests\Giantnodes.Service.Dashboard.Application.Components.Tests\Giantnodes.Service.Dashboard.Application.Components.Tests.csproj", "{2120E351-42AA-4478-86C6-DC35AB4E47DA}"
EndProject
Project("{FAE04EC0-301F-11D3-BF4B-00C04F79EFBC}") = "Giantnodes.Service.Dashboard.Domain.Tests", "tests\Giantnodes.Service.Dashboard.Domain.Tests\Giantnodes.Service.Dashboard.Domain.Tests.csproj", "{B170206F-710A-4314-9255-EF861FD3A135}"
EndProject
Project("{FAE04EC0-301F-11D3-BF4B-00C04F79EFBC}") = "Giantnodes.Service.Dashboard.Tests.Shared", "tests\Giantnodes.Service.Dashboard.Tests.Shared\Giantnodes.Service.Dashboard.Tests.Shared.csproj", "{80D27505-2E68-4F77-B7FD-78A1C0F237FD}"
EndProject
Project("{2150E333-8FDC-42A3-9474-1A3956D46DE8}") = ".contracts", ".contracts", "{A14DC95B-D12E-47DC-97D5-B6470418C982}"
EndProject
Project("{FAE04EC0-301F-11D3-BF4B-00C04F79EFBC}") = "Giantnodes.Service.Encoder.Application.Contracts", "..\Service.Encoder\src\Application.Contracts\Giantnodes.Service.Encoder.Application.Contracts.csproj", "{7EB24DCF-893D-4925-91E5-401E688A1C2D}"
EndProject
Global
	GlobalSection(SolutionConfigurationPlatforms) = preSolution
		Debug|Any CPU = Debug|Any CPU
		Release|Any CPU = Release|Any CPU
	EndGlobalSection
	GlobalSection(NestedProjects) = preSolution
		{41C6A8F1-A1D9-451B-9162-D8A5404A3C39} = {8B9BA4E8-9DAF-47C9-9829-DAF932876C3B}
		{B703C820-B6BF-4297-875E-07BE59FD4000} = {D6738E45-B322-4CF5-8AAA-10B3003D7EEA}
		{FD25D825-DF1E-4C5F-AA33-D0A13739B4E0} = {D6738E45-B322-4CF5-8AAA-10B3003D7EEA}
		{55626EB5-C72A-4D36-9BE0-4397BF170445} = {D6738E45-B322-4CF5-8AAA-10B3003D7EEA}
		{3337779A-A582-4B1C-A19E-0AD6C8F3E6AD} = {D6738E45-B322-4CF5-8AAA-10B3003D7EEA}
		{027CE64C-015E-442E-A233-696A4B89D2AE} = {D6738E45-B322-4CF5-8AAA-10B3003D7EEA}
		{5A75D2A0-B3FF-4225-977F-2EA92F5D08A1} = {D31480C0-C771-4832-B82F-E3B4EFC84E6C}
		{82D30D2C-3AB9-415C-9D3D-E74A7BBABCF2} = {D31480C0-C771-4832-B82F-E3B4EFC84E6C}
		{572D76F3-7BBA-44C9-99A5-CDDD995DC2EB} = {D31480C0-C771-4832-B82F-E3B4EFC84E6C}
		{B170206F-710A-4314-9255-EF861FD3A135} = {27214AD8-98E7-4A7D-B67B-575AC944C369}
		{2120E351-42AA-4478-86C6-DC35AB4E47DA} = {27214AD8-98E7-4A7D-B67B-575AC944C369}
		{80D27505-2E68-4F77-B7FD-78A1C0F237FD} = {27214AD8-98E7-4A7D-B67B-575AC944C369}
		{7EB24DCF-893D-4925-91E5-401E688A1C2D} = {A14DC95B-D12E-47DC-97D5-B6470418C982}
		{9734EB1A-4571-4F2F-96BA-D8119120E72C} = {D31480C0-C771-4832-B82F-E3B4EFC84E6C}
		{B2239264-4E0C-4428-8BC1-D9D9C56EE389} = {D6738E45-B322-4CF5-8AAA-10B3003D7EEA}
	EndGlobalSection
	GlobalSection(ProjectConfigurationPlatforms) = postSolution
		{41C6A8F1-A1D9-451B-9162-D8A5404A3C39}.Debug|Any CPU.ActiveCfg = Debug|Any CPU
		{41C6A8F1-A1D9-451B-9162-D8A5404A3C39}.Debug|Any CPU.Build.0 = Debug|Any CPU
		{41C6A8F1-A1D9-451B-9162-D8A5404A3C39}.Release|Any CPU.ActiveCfg = Release|Any CPU
		{41C6A8F1-A1D9-451B-9162-D8A5404A3C39}.Release|Any CPU.Build.0 = Release|Any CPU
		{B703C820-B6BF-4297-875E-07BE59FD4000}.Debug|Any CPU.ActiveCfg = Debug|Any CPU
		{B703C820-B6BF-4297-875E-07BE59FD4000}.Debug|Any CPU.Build.0 = Debug|Any CPU
		{B703C820-B6BF-4297-875E-07BE59FD4000}.Release|Any CPU.ActiveCfg = Release|Any CPU
		{B703C820-B6BF-4297-875E-07BE59FD4000}.Release|Any CPU.Build.0 = Release|Any CPU
		{FD25D825-DF1E-4C5F-AA33-D0A13739B4E0}.Debug|Any CPU.ActiveCfg = Debug|Any CPU
		{FD25D825-DF1E-4C5F-AA33-D0A13739B4E0}.Debug|Any CPU.Build.0 = Debug|Any CPU
		{FD25D825-DF1E-4C5F-AA33-D0A13739B4E0}.Release|Any CPU.ActiveCfg = Release|Any CPU
		{FD25D825-DF1E-4C5F-AA33-D0A13739B4E0}.Release|Any CPU.Build.0 = Release|Any CPU
		{55626EB5-C72A-4D36-9BE0-4397BF170445}.Debug|Any CPU.ActiveCfg = Debug|Any CPU
		{55626EB5-C72A-4D36-9BE0-4397BF170445}.Debug|Any CPU.Build.0 = Debug|Any CPU
		{55626EB5-C72A-4D36-9BE0-4397BF170445}.Release|Any CPU.ActiveCfg = Release|Any CPU
		{55626EB5-C72A-4D36-9BE0-4397BF170445}.Release|Any CPU.Build.0 = Release|Any CPU
		{3337779A-A582-4B1C-A19E-0AD6C8F3E6AD}.Debug|Any CPU.ActiveCfg = Debug|Any CPU
		{3337779A-A582-4B1C-A19E-0AD6C8F3E6AD}.Debug|Any CPU.Build.0 = Debug|Any CPU
		{3337779A-A582-4B1C-A19E-0AD6C8F3E6AD}.Release|Any CPU.ActiveCfg = Release|Any CPU
		{3337779A-A582-4B1C-A19E-0AD6C8F3E6AD}.Release|Any CPU.Build.0 = Release|Any CPU
		{027CE64C-015E-442E-A233-696A4B89D2AE}.Debug|Any CPU.ActiveCfg = Debug|Any CPU
		{027CE64C-015E-442E-A233-696A4B89D2AE}.Debug|Any CPU.Build.0 = Debug|Any CPU
		{027CE64C-015E-442E-A233-696A4B89D2AE}.Release|Any CPU.ActiveCfg = Release|Any CPU
		{027CE64C-015E-442E-A233-696A4B89D2AE}.Release|Any CPU.Build.0 = Release|Any CPU
		{5A75D2A0-B3FF-4225-977F-2EA92F5D08A1}.Debug|Any CPU.ActiveCfg = Debug|Any CPU
		{5A75D2A0-B3FF-4225-977F-2EA92F5D08A1}.Debug|Any CPU.Build.0 = Debug|Any CPU
		{5A75D2A0-B3FF-4225-977F-2EA92F5D08A1}.Release|Any CPU.ActiveCfg = Release|Any CPU
		{5A75D2A0-B3FF-4225-977F-2EA92F5D08A1}.Release|Any CPU.Build.0 = Release|Any CPU
		{82D30D2C-3AB9-415C-9D3D-E74A7BBABCF2}.Debug|Any CPU.ActiveCfg = Debug|Any CPU
		{82D30D2C-3AB9-415C-9D3D-E74A7BBABCF2}.Debug|Any CPU.Build.0 = Debug|Any CPU
		{82D30D2C-3AB9-415C-9D3D-E74A7BBABCF2}.Release|Any CPU.ActiveCfg = Release|Any CPU
		{82D30D2C-3AB9-415C-9D3D-E74A7BBABCF2}.Release|Any CPU.Build.0 = Release|Any CPU
		{572D76F3-7BBA-44C9-99A5-CDDD995DC2EB}.Debug|Any CPU.ActiveCfg = Debug|Any CPU
		{572D76F3-7BBA-44C9-99A5-CDDD995DC2EB}.Debug|Any CPU.Build.0 = Debug|Any CPU
		{572D76F3-7BBA-44C9-99A5-CDDD995DC2EB}.Release|Any CPU.ActiveCfg = Release|Any CPU
		{572D76F3-7BBA-44C9-99A5-CDDD995DC2EB}.Release|Any CPU.Build.0 = Release|Any CPU
		{B170206F-710A-4314-9255-EF861FD3A135}.Debug|Any CPU.ActiveCfg = Debug|Any CPU
		{B170206F-710A-4314-9255-EF861FD3A135}.Debug|Any CPU.Build.0 = Debug|Any CPU
		{B170206F-710A-4314-9255-EF861FD3A135}.Release|Any CPU.ActiveCfg = Release|Any CPU
		{B170206F-710A-4314-9255-EF861FD3A135}.Release|Any CPU.Build.0 = Release|Any CPU
		{2120E351-42AA-4478-86C6-DC35AB4E47DA}.Debug|Any CPU.ActiveCfg = Debug|Any CPU
		{2120E351-42AA-4478-86C6-DC35AB4E47DA}.Debug|Any CPU.Build.0 = Debug|Any CPU
		{2120E351-42AA-4478-86C6-DC35AB4E47DA}.Release|Any CPU.ActiveCfg = Release|Any CPU
		{2120E351-42AA-4478-86C6-DC35AB4E47DA}.Release|Any CPU.Build.0 = Release|Any CPU
		{80D27505-2E68-4F77-B7FD-78A1C0F237FD}.Debug|Any CPU.ActiveCfg = Debug|Any CPU
		{80D27505-2E68-4F77-B7FD-78A1C0F237FD}.Debug|Any CPU.Build.0 = Debug|Any CPU
		{80D27505-2E68-4F77-B7FD-78A1C0F237FD}.Release|Any CPU.ActiveCfg = Release|Any CPU
		{80D27505-2E68-4F77-B7FD-78A1C0F237FD}.Release|Any CPU.Build.0 = Release|Any CPU
		{7EB24DCF-893D-4925-91E5-401E688A1C2D}.Debug|Any CPU.ActiveCfg = Debug|Any CPU
		{7EB24DCF-893D-4925-91E5-401E688A1C2D}.Debug|Any CPU.Build.0 = Debug|Any CPU
		{7EB24DCF-893D-4925-91E5-401E688A1C2D}.Release|Any CPU.ActiveCfg = Release|Any CPU
		{7EB24DCF-893D-4925-91E5-401E688A1C2D}.Release|Any CPU.Build.0 = Release|Any CPU
		{9734EB1A-4571-4F2F-96BA-D8119120E72C}.Debug|Any CPU.ActiveCfg = Debug|Any CPU
		{9734EB1A-4571-4F2F-96BA-D8119120E72C}.Debug|Any CPU.Build.0 = Debug|Any CPU
		{9734EB1A-4571-4F2F-96BA-D8119120E72C}.Release|Any CPU.ActiveCfg = Release|Any CPU
		{9734EB1A-4571-4F2F-96BA-D8119120E72C}.Release|Any CPU.Build.0 = Release|Any CPU
		{B2239264-4E0C-4428-8BC1-D9D9C56EE389}.Debug|Any CPU.ActiveCfg = Debug|Any CPU
		{B2239264-4E0C-4428-8BC1-D9D9C56EE389}.Debug|Any CPU.Build.0 = Debug|Any CPU
		{B2239264-4E0C-4428-8BC1-D9D9C56EE389}.Release|Any CPU.ActiveCfg = Release|Any CPU
		{B2239264-4E0C-4428-8BC1-D9D9C56EE389}.Release|Any CPU.Build.0 = Release|Any CPU
	EndGlobalSection
EndGlobal
